# Auto-generated by eta - DO NOT EDIT.
version = 1

[[package]]
name = "eta-duckdb"
version = "0.1.0"
source = "root"
native_id = "eta.duckdb.sidecar"
native_abi = "eta-native-v1"
native_entry = "eta_register_duckdb_extension_v1"
native_target_triple = "x86_64-pc-windows-msvc"
native_artifact_relpath = "libs/amd64/eta_duckdb.dll"
native_sha256 = "c3ad6300a98e3f65c36e2ece939ebcabcd06b4b6b7c02cb4df4b84f52aedd25e"
dependencies = []
