# Auto-generated by eta - DO NOT EDIT.
version = 1

[[package]]
name = "eta-lightgbm"
version = "0.1.0"
source = "root"
native_id = "eta.lgbm.sidecar"
native_abi = "eta-native-v1"
native_entry = "eta_register_lgbm_extension_v1"
native_target_triple = "x86_64-pc-windows-msvc"
native_artifact_relpath = "libs/amd64/eta_lightgbm.dll"
native_sha256 = "3676167ad86b5d63d0b8e46f45d6d42d672f6c29ca25cb7ae91ca89d52a8ca9d"
dependencies = []
